
Microsoft Visual Studio Solution File, Format Version 12.00
# Visual Studio Version 16
VisualStudioVersion = 16.0.28803.352
MinimumVisualStudioVersion = 10.0.40219.1
Project("{FAE04EC0-301F-11D3-BF4B-00C04F79EFBC}") = "Clm-Booking", "Clm-Booking\Clm-Booking.csproj", "{3DD45C83-E7AF-45F2-AE44-87A426771B30}"
EndProject
Global
	GlobalSection(SolutionConfigurationPlatforms) = preSolution
		Debug|Any CPU = Debug|Any CPU
		Release|Any CPU = Release|Any CPU
	EndGlobalSection
	GlobalSection(ProjectConfigurationPlatforms) = postSolution
		{3DD45C83-E7AF-45F2-AE44-87A426771B30}.Debug|Any CPU.ActiveCfg = Debug|Any CPU
		{3DD45C83-E7AF-45F2-AE44-87A426771B30}.Debug|Any CPU.Build.0 = Debug|Any CPU
		{3DD45C83-E7AF-45F2-AE44-87A426771B30}.Release|Any CPU.ActiveCfg = Release|Any CPU
		{3DD45C83-E7AF-45F2-AE44-87A426771B30}.Release|Any CPU.Build.0 = Release|Any CPU
	EndGlobalSection
	GlobalSection(SolutionProperties) = preSolution
		HideSolutionNode = FALSE
	EndGlobalSection
	GlobalSection(ExtensibilityGlobals) = postSolution
		SolutionGuid = {5934413D-A903-438A-9094-2B84C42BCD11}
	EndGlobalSection
EndGlobal
